
Microsoft Visual Studio Solution File, Format Version 12.00
# Visual Studio Version 16
VisualStudioVersion = 16.0.31829.152
MinimumVisualStudioVersion = 10.0.40219.1
Project("{FAE04EC0-301F-11D3-BF4B-00C04F79EFBC}") = "AppDev2.Android", "AppDev2\AppDev2.Android\AppDev2.Android.csproj", "{47889BE3-4030-4B5C-BA5D-67411EE51622}"
EndProject
Project("{FAE04EC0-301F-11D3-BF4B-00C04F79EFBC}") = "AppDev2.iOS", "AppDev2\AppDev2.iOS\AppDev2.iOS.csproj", "{BAF30390-CD3C-4051-8933-35CDF2E85352}"
EndProject
Project("{FAE04EC0-301F-11D3-BF4B-00C04F79EFBC}") = "AppDev2", "AppDev2\AppDev2\AppDev2.csproj", "{7AE8A7AF-B40B-4FB0-B8DE-F67873717133}"
EndProject
Project("{FAE04EC0-301F-11D3-BF4B-00C04F79EFBC}") = "AppDev2.Api", "AppDev2.Api\AppDev2.Api.csproj", "{245548D8-64F9-4A0F-BC31-E480270BAFCC}"
EndProject
Global
	GlobalSection(SolutionConfigurationPlatforms) = preSolution
		Debug|Any CPU = Debug|Any CPU
		Debug|iPhone = Debug|iPhone
		Debug|iPhoneSimulator = Debug|iPhoneSimulator
		Release|Any CPU = Release|Any CPU
		Release|iPhone = Release|iPhone
		Release|iPhoneSimulator = Release|iPhoneSimulator
	EndGlobalSection
	GlobalSection(ProjectConfigurationPlatforms) = postSolution
		{47889BE3-4030-4B5C-BA5D-67411EE51622}.Debug|Any CPU.ActiveCfg = Debug|Any CPU
		{47889BE3-4030-4B5C-BA5D-67411EE51622}.Debug|Any CPU.Build.0 = Debug|Any CPU
		{47889BE3-4030-4B5C-BA5D-67411EE51622}.Debug|Any CPU.Deploy.0 = Debug|Any CPU
		{47889BE3-4030-4B5C-BA5D-67411EE51622}.Debug|iPhone.ActiveCfg = Debug|Any CPU
		{47889BE3-4030-4B5C-BA5D-67411EE51622}.Debug|iPhone.Build.0 = Debug|Any CPU
		{47889BE3-4030-4B5C-BA5D-67411EE51622}.Debug|iPhone.Deploy.0 = Debug|Any CPU
		{47889BE3-4030-4B5C-BA5D-67411EE51622}.Debug|iPhoneSimulator.ActiveCfg = Debug|Any CPU
		{47889BE3-4030-4B5C-BA5D-67411EE51622}.Debug|iPhoneSimulator.Build.0 = Debug|Any CPU
		{47889BE3-4030-4B5C-BA5D-67411EE51622}.Debug|iPhoneSimulator.Deploy.0 = Debug|Any CPU
		{47889BE3-4030-4B5C-BA5D-67411EE51622}.Release|Any CPU.ActiveCfg = Release|Any CPU
		{47889BE3-4030-4B5C-BA5D-67411EE51622}.Release|Any CPU.Build.0 = Release|Any CPU
		{47889BE3-4030-4B5C-BA5D-67411EE51622}.Release|Any CPU.Deploy.0 = Release|Any CPU
		{47889BE3-4030-4B5C-BA5D-67411EE51622}.Release|iPhone.ActiveCfg = Release|Any CPU
		{47889BE3-4030-4B5C-BA5D-67411EE51622}.Release|iPhone.Build.0 = Release|Any CPU
		{47889BE3-4030-4B5C-BA5D-67411EE51622}.Release|iPhone.Deploy.0 = Release|Any CPU
		{47889BE3-4030-4B5C-BA5D-67411EE51622}.Release|iPhoneSimulator.ActiveCfg = Release|Any CPU
		{47889BE3-4030-4B5C-BA5D-67411EE51622}.Release|iPhoneSimulator.Build.0 = Release|Any CPU
		{47889BE3-4030-4B5C-BA5D-67411EE51622}.Release|iPhoneSimulator.Deploy.0 = Release|Any CPU
		{BAF30390-CD3C-4051-8933-35CDF2E85352}.Debug|Any CPU.ActiveCfg = Debug|iPhone
		{BAF30390-CD3C-4051-8933-35CDF2E85352}.Debug|Any CPU.Build.0 = Debug|iPhone
		{BAF30390-CD3C-4051-8933-35CDF2E85352}.Debug|Any CPU.Deploy.0 = Debug|iPhone
		{BAF30390-CD3C-4051-8933-35CDF2E85352}.Debug|iPhone.ActiveCfg = Debug|iPhone
		{BAF30390-CD3C-4051-8933-35CDF2E85352}.Debug|iPhone.Build.0 = Debug|iPhone
		{BAF30390-CD3C-4051-8933-35CDF2E85352}.Debug|iPhone.Deploy.0 = Debug|iPhone
		{BAF30390-CD3C-4051-8933-35CDF2E85352}.Debug|iPhoneSimulator.ActiveCfg = Debug|iPhoneSimulator
		{BAF30390-CD3C-4051-8933-35CDF2E85352}.Debug|iPhoneSimulator.Build.0 = Debug|iPhoneSimulator
		{BAF30390-CD3C-4051-8933-35CDF2E85352}.Debug|iPhoneSimulator.Deploy.0 = Debug|iPhoneSimulator
		{BAF30390-CD3C-4051-8933-35CDF2E85352}.Release|Any CPU.ActiveCfg = Release|iPhoneSimulator
		{BAF30390-CD3C-4051-8933-35CDF2E85352}.Release|Any CPU.Build.0 = Release|iPhoneSimulator
		{BAF30390-CD3C-4051-8933-35CDF2E85352}.Release|Any CPU.Deploy.0 = Release|iPhoneSimulator
		{BAF30390-CD3C-4051-8933-35CDF2E85352}.Release|iPhone.ActiveCfg = Release|iPhone
		{BAF30390-CD3C-4051-8933-35CDF2E85352}.Release|iPhone.Build.0 = Release|iPhone
		{BAF30390-CD3C-4051-8933-35CDF2E85352}.Release|iPhone.Deploy.0 = Release|iPhone
		{BAF30390-CD3C-4051-8933-35CDF2E85352}.Release|iPhoneSimulator.ActiveCfg = Release|iPhoneSimulator
		{BAF30390-CD3C-4051-8933-35CDF2E85352}.Release|iPhoneSimulator.Build.0 = Release|iPhoneSimulator
		{BAF30390-CD3C-4051-8933-35CDF2E85352}.Release|iPhoneSimulator.Deploy.0 = Release|iPhoneSimulator
		{7AE8A7AF-B40B-4FB0-B8DE-F67873717133}.Debug|Any CPU.ActiveCfg = Debug|Any CPU
		{7AE8A7AF-B40B-4FB0-B8DE-F67873717133}.Debug|Any CPU.Build.0 = Debug|Any CPU
		{7AE8A7AF-B40B-4FB0-B8DE-F67873717133}.Debug|Any CPU.Deploy.0 = Debug|Any CPU
		{7AE8A7AF-B40B-4FB0-B8DE-F67873717133}.Debug|iPhone.ActiveCfg = Debug|Any CPU
		{7AE8A7AF-B40B-4FB0-B8DE-F67873717133}.Debug|iPhone.Build.0 = Debug|Any CPU
		{7AE8A7AF-B40B-4FB0-B8DE-F67873717133}.Debug|iPhone.Deploy.0 = Debug|Any CPU
		{7AE8A7AF-B40B-4FB0-B8DE-F67873717133}.Debug|iPhoneSimulator.ActiveCfg = Debug|Any CPU
		{7AE8A7AF-B40B-4FB0-B8DE-F67873717133}.Debug|iPhoneSimulator.Build.0 = Debug|Any CPU
		{7AE8A7AF-B40B-4FB0-B8DE-F67873717133}.Debug|iPhoneSimulator.Deploy.0 = Debug|Any CPU
		{7AE8A7AF-B40B-4FB0-B8DE-F67873717133}.Release|Any CPU.ActiveCfg = Release|Any CPU
		{7AE8A7AF-B40B-4FB0-B8DE-F67873717133}.Release|Any CPU.Build.0 = Release|Any CPU
		{7AE8A7AF-B40B-4FB0-B8DE-F67873717133}.Release|Any CPU.Deploy.0 = Release|Any CPU
		{7AE8A7AF-B40B-4FB0-B8DE-F67873717133}.Release|iPhone.ActiveCfg = Release|Any CPU
		{7AE8A7AF-B40B-4FB0-B8DE-F67873717133}.Release|iPhone.Build.0 = Release|Any CPU
		{7AE8A7AF-B40B-4FB0-B8DE-F67873717133}.Release|iPhone.Deploy.0 = Release|Any CPU
		{7AE8A7AF-B40B-4FB0-B8DE-F67873717133}.Release|iPhoneSimulator.ActiveCfg = Release|Any CPU
		{7AE8A7AF-B40B-4FB0-B8DE-F67873717133}.Release|iPhoneSimulator.Build.0 = Release|Any CPU
		{7AE8A7AF-B40B-4FB0-B8DE-F67873717133}.Release|iPhoneSimulator.Deploy.0 = Release|Any CPU
		{245548D8-64F9-4A0F-BC31-E480270BAFCC}.Debug|Any CPU.ActiveCfg = Debug|Any CPU
		{245548D8-64F9-4A0F-BC31-E480270BAFCC}.Debug|Any CPU.Build.0 = Debug|Any CPU
		{245548D8-64F9-4A0F-BC31-E480270BAFCC}.Debug|iPhone.ActiveCfg = Debug|Any CPU
		{245548D8-64F9-4A0F-BC31-E480270BAFCC}.Debug|iPhone.Build.0 = Debug|Any CPU
		{245548D8-64F9-4A0F-BC31-E480270BAFCC}.Debug|iPhoneSimulator.ActiveCfg = Debug|Any CPU
		{245548D8-64F9-4A0F-BC31-E480270BAFCC}.Debug|iPhoneSimulator.Build.0 = Debug|Any CPU
		{245548D8-64F9-4A0F-BC31-E480270BAFCC}.Release|Any CPU.ActiveCfg = Release|Any CPU
		{245548D8-64F9-4A0F-BC31-E480270BAFCC}.Release|Any CPU.Build.0 = Release|Any CPU
		{245548D8-64F9-4A0F-BC31-E480270BAFCC}.Release|iPhone.ActiveCfg = Release|Any CPU
		{245548D8-64F9-4A0F-BC31-E480270BAFCC}.Release|iPhone.Build.0 = Release|Any CPU
		{245548D8-64F9-4A0F-BC31-E480270BAFCC}.Release|iPhoneSimulator.ActiveCfg = Release|Any CPU
		{245548D8-64F9-4A0F-BC31-E480270BAFCC}.Release|iPhoneSimulator.Build.0 = Release|Any CPU
	EndGlobalSection
	GlobalSection(SolutionProperties) = preSolution
		HideSolutionNode = FALSE
	EndGlobalSection
	GlobalSection(ExtensibilityGlobals) = postSolution
		SolutionGuid = {0FAB2CA8-BE4F-4E13-BD9F-2BF059C0CD64}
	EndGlobalSection
EndGlobal
